{
  "name": "be-ai-heart",
  "version": "0.1.0",
  "lockfileVersion": 3,
  "requires": true,
  "packages": {
    "": {
      "name": "be-ai-heart",
      "version": "0.1.0",
      "workspaces": [
        "apps/*",
        "packages/*",
        "services/*"
      ],
      "devDependencies": {
        "typescript": "^6.0.3"
      },
      "engines": {
        "node": ">=22"
      }
    },
    "apps/admin": {
      "name": "@be-ai-heart/admin",
      "version": "0.1.0"
    },
    "apps/docs": {
      "name": "@be-ai-heart/docs",
      "version": "0.1.0"
    },
    "apps/website": {
      "name": "@be-ai-heart/website",
      "version": "0.1.0"
    },
    "node_modules/@be-ai-heart/admin": {
      "resolved": "apps/admin",
      "link": true
    },
    "node_modules/@be-ai-heart/api": {
      "resolved": "services/api",
      "link": true
    },
    "node_modules/@be-ai-heart/benchmark": {
      "resolved": "packages/benchmark",
      "link": true
    },
    "node_modules/@be-ai-heart/cli": {
      "resolved": "packages/cli",
      "link": true
    },
    "node_modules/@be-ai-heart/context-compiler": {
      "resolved": "packages/context-compiler",
      "link": true
    },
    "node_modules/@be-ai-heart/core": {
      "resolved": "packages/core",
      "link": true
    },
    "node_modules/@be-ai-heart/docs": {
      "resolved": "apps/docs",
      "link": true
    },
    "node_modules/@be-ai-heart/graph": {
      "resolved": "packages/graph",
      "link": true
    },
    "node_modules/@be-ai-heart/mcp-server": {
      "resolved": "packages/mcp-server",
      "link": true
    },
    "node_modules/@be-ai-heart/parser-ts": {
      "resolved": "packages/parser-ts",
      "link": true
    },
    "node_modules/@be-ai-heart/policy-engine": {
      "resolved": "packages/policy-engine",
      "link": true
    },
    "node_modules/@be-ai-heart/shared-schema": {
      "resolved": "packages/shared-schema",
      "link": true
    },
    "node_modules/@be-ai-heart/website": {
      "resolved": "apps/website",
      "link": true
    },
    "node_modules/@be-ai-heart/worker": {
      "resolved": "services/worker",
      "link": true
    },
    "node_modules/typescript": {
      "version": "6.0.3",
      "resolved": "https://registry.npmjs.org/typescript/-/typescript-6.0.3.tgz",
      "integrity": "sha512-y2TvuxSZPDyQakkFRPZHKFm+KKVqIisdg9/CZwm9ftvKXLP8NRWj38/ODjNbr43SsoXqNuAisEf1GdCxqWcdBw==",
      "dev": true,
      "license": "Apache-2.0",
      "bin": {
        "tsc": "bin/tsc",
        "tsserver": "bin/tsserver"
      },
      "engines": {
        "node": ">=14.17"
      }
    },
    "packages/benchmark": {
      "name": "@be-ai-heart/benchmark",
      "version": "0.1.0"
    },
    "packages/cli": {
      "name": "@be-ai-heart/cli",
      "version": "0.1.0",
      "bin": {
        "heart": "bin/heart.js"
      }
    },
    "packages/context-compiler": {
      "name": "@be-ai-heart/context-compiler",
      "version": "0.1.0"
    },
    "packages/core": {
      "name": "@be-ai-heart/core",
      "version": "0.1.0"
    },
    "packages/graph": {
      "name": "@be-ai-heart/graph",
      "version": "0.1.0"
    },
    "packages/mcp-server": {
      "name": "@be-ai-heart/mcp-server",
      "version": "0.1.0"
    },
    "packages/parser-ts": {
      "name": "@be-ai-heart/parser-ts",
      "version": "0.1.0"
    },
    "packages/policy-engine": {
      "name": "@be-ai-heart/policy-engine",
      "version": "0.1.0"
    },
    "packages/shared-schema": {
      "name": "@be-ai-heart/shared-schema",
      "version": "0.1.0"
    },
    "services/api": {
      "name": "@be-ai-heart/api",
      "version": "0.1.0"
    },
    "services/worker": {
      "name": "@be-ai-heart/worker",
      "version": "0.1.0"
    }
  }
}
